
Microsoft Visual Studio Solution File, Format Version 12.00
# Visual Studio Version 17
VisualStudioVersion = 17.5.002.0
MinimumVisualStudioVersion = 10.0.40219.1
Project("{9A19103F-16F7-4668-BE54-9A1E7A4F7556}") = "NetsuiteRequest.Test", "NetsuiteRequest.Tests\NetsuiteRequest.Test.csproj", "{A466995E-2385-4D6B-90CC-557DDE6C09DF}"
EndProject
Project("{9A19103F-16F7-4668-BE54-9A1E7A4F7556}") = "netsuite-rest-csharp", "NetsuiteRequest\netsuite-rest-csharp.csproj", "{F1C18DFC-85FA-46B8-BAC8-0C2B7083E27E}"
EndProject
Global
	GlobalSection(SolutionConfigurationPlatforms) = preSolution
		Debug|Any CPU = Debug|Any CPU
		Release|Any CPU = Release|Any CPU
	EndGlobalSection
	GlobalSection(ProjectConfigurationPlatforms) = postSolution
		{A466995E-2385-4D6B-90CC-557DDE6C09DF}.Debug|Any CPU.ActiveCfg = Debug|Any CPU
		{A466995E-2385-4D6B-90CC-557DDE6C09DF}.Debug|Any CPU.Build.0 = Debug|Any CPU
		{A466995E-2385-4D6B-90CC-557DDE6C09DF}.Release|Any CPU.ActiveCfg = Release|Any CPU
		{A466995E-2385-4D6B-90CC-557DDE6C09DF}.Release|Any CPU.Build.0 = Release|Any CPU
		{F1C18DFC-85FA-46B8-BAC8-0C2B7083E27E}.Debug|Any CPU.ActiveCfg = Debug|Any CPU
		{F1C18DFC-85FA-46B8-BAC8-0C2B7083E27E}.Debug|Any CPU.Build.0 = Debug|Any CPU
		{F1C18DFC-85FA-46B8-BAC8-0C2B7083E27E}.Release|Any CPU.ActiveCfg = Release|Any CPU
		{F1C18DFC-85FA-46B8-BAC8-0C2B7083E27E}.Release|Any CPU.Build.0 = Release|Any CPU
	EndGlobalSection
	GlobalSection(SolutionProperties) = preSolution
		HideSolutionNode = FALSE
	EndGlobalSection
	GlobalSection(ExtensibilityGlobals) = postSolution
		SolutionGuid = {FADCF66B-A68F-43CE-9E4A-780D7239126F}
	EndGlobalSection
EndGlobal
